// !$*UTF8*$!
{
	archiveVersion = 1;
	classes = {
	};
	objectVersion = 50;
	objects = {

/* Begin PBXBuildFile section */
		9D34FC6321CD026500771ACC /* RNTPhotoBrowserModule.m in Sources */ = {isa = PBXBuildFile; fileRef = 9D34FC6221CD026500771ACC /* RNTPhotoBrowserModule.m */; };
		9D34FC6421CD026500771ACC /* RNTPhotoBrowserModule.h in CopyFiles */ = {isa = PBXBuildFile; fileRef = 9D34FC6121CD026500771ACC /* RNTPhotoBrowserModule.h */; };
		9D34FC8A21CD036300771ACC /* RNTPhotoBrowser.swift in Sources */ = {isa = PBXBuildFile; fileRef = 9D34FC8921CD036300771ACC /* RNTPhotoBrowser.swift */; };
		9D3898F521D0CC3900B4FECB /* RNTThumbnailViewManager.m in Sources */ = {isa = PBXBuildFile; fileRef = 9D3898F421D0CC3900B4FECB /* RNTThumbnailViewManager.m */; };
		9D3898F821D0F75200B4FECB /* RNTThumbnailView.m in Sources */ = {isa = PBXBuildFile; fileRef = 9D3898F721D0F75200B4FECB /* RNTThumbnailView.m */; };
		9DFE538A21FA0F2500E27DD9 /* NumberIndicator.swift in Sources */ = {isa = PBXBuildFile; fileRef = 9DFE537821FA0F2500E27DD9 /* NumberIndicator.swift */; };
		9DFE538B21FA0F2500E27DD9 /* SimpleButton.swift in Sources */ = {isa = PBXBuildFile; fileRef = 9DFE537A21FA0F2500E27DD9 /* SimpleButton.swift */; };
		9DFE538C21FA0F2500E27DD9 /* PhotoBrowser.swift in Sources */ = {isa = PBXBuildFile; fileRef = 9DFE537B21FA0F2500E27DD9 /* PhotoBrowser.swift */; };
		9DFE538D21FA0F2500E27DD9 /* PhotoView.swift in Sources */ = {isa = PBXBuildFile; fileRef = 9DFE537D21FA0F2500E27DD9 /* PhotoView.swift */; };
		9DFE538E21FA0F2500E27DD9 /* PhotoBrowserConfiguration.swift in Sources */ = {isa = PBXBuildFile; fileRef = 9DFE537E21FA0F2500E27DD9 /* PhotoBrowserConfiguration.swift */; };
		9DFE538F21FA0F2500E27DD9 /* Photo.swift in Sources */ = {isa = PBXBuildFile; fileRef = 9DFE538021FA0F2500E27DD9 /* Photo.swift */; };
		9DFE539021FA0F2500E27DD9 /* PhotoBrowserViewController.swift in Sources */ = {isa = PBXBuildFile; fileRef = 9DFE538121FA0F2500E27DD9 /* PhotoBrowserViewController.swift */; };
		9DFE539121FA0F2500E27DD9 /* PhotoPage.swift in Sources */ = {isa = PBXBuildFile; fileRef = 9DFE538321FA0F2500E27DD9 /* PhotoPage.swift */; };
		9DFE539221FA0F2500E27DD9 /* CircleSpinner.swift in Sources */ = {isa = PBXBuildFile; fileRef = 9DFE538521FA0F2500E27DD9 /* CircleSpinner.swift */; };
		9DFE539321FA0F2500E27DD9 /* PhotoBrowserDelegate.swift in Sources */ = {isa = PBXBuildFile; fileRef = 9DFE538621FA0F2500E27DD9 /* PhotoBrowserDelegate.swift */; };
		9DFE539421FA0F2500E27DD9 /* DotIndicator.swift in Sources */ = {isa = PBXBuildFile; fileRef = 9DFE538921FA0F2500E27DD9 /* DotIndicator.swift */; };
/* End PBXBuildFile section */

/* Begin PBXCopyFilesBuildPhase section */
		9D34FC5C21CD026500771ACC /* CopyFiles */ = {
			isa = PBXCopyFilesBuildPhase;
			buildActionMask = 2147483647;
			dstPath = "include/$(PRODUCT_NAME)";
			dstSubfolderSpec = 16;
			files = (
				9D34FC6421CD026500771ACC /* RNTPhotoBrowserModule.h in CopyFiles */,
			);
			runOnlyForDeploymentPostprocessing = 0;
		};
/* End PBXCopyFilesBuildPhase section */

/* Begin PBXFileReference section */
		9D34FC5E21CD026500771ACC /* libRNTPhotoBrowser.a */ = {isa = PBXFileReference; explicitFileType = archive.ar; includeInIndex = 0; path = libRNTPhotoBrowser.a; sourceTree = BUILT_PRODUCTS_DIR; };
		9D34FC6121CD026500771ACC /* RNTPhotoBrowserModule.h */ = {isa = PBXFileReference; lastKnownFileType = sourcecode.c.h; path = RNTPhotoBrowserModule.h; sourceTree = "<group>"; };
		9D34FC6221CD026500771ACC /* RNTPhotoBrowserModule.m */ = {isa = PBXFileReference; lastKnownFileType = sourcecode.c.objc; path = RNTPhotoBrowserModule.m; sourceTree = "<group>"; };
		9D34FC8921CD036300771ACC /* RNTPhotoBrowser.swift */ = {isa = PBXFileReference; lastKnownFileType = sourcecode.swift; path = RNTPhotoBrowser.swift; sourceTree = "<group>"; };
		9D34FC9821CD062900771ACC /* RNTPhotoBrowser-Bridging-Header.h */ = {isa = PBXFileReference; lastKnownFileType = sourcecode.c.h; path = "RNTPhotoBrowser-Bridging-Header.h"; sourceTree = "<group>"; };
		9D3898F321D0CC3900B4FECB /* RNTThumbnailViewManager.h */ = {isa = PBXFileReference; lastKnownFileType = sourcecode.c.h; path = RNTThumbnailViewManager.h; sourceTree = "<group>"; };
		9D3898F421D0CC3900B4FECB /* RNTThumbnailViewManager.m */ = {isa = PBXFileReference; lastKnownFileType = sourcecode.c.objc; path = RNTThumbnailViewManager.m; sourceTree = "<group>"; };
		9D3898F621D0F75200B4FECB /* RNTThumbnailView.h */ = {isa = PBXFileReference; lastKnownFileType = sourcecode.c.h; path = RNTThumbnailView.h; sourceTree = "<group>"; };
		9D3898F721D0F75200B4FECB /* RNTThumbnailView.m */ = {isa = PBXFileReference; lastKnownFileType = sourcecode.c.objc; path = RNTThumbnailView.m; sourceTree = "<group>"; };
		9DFE537821FA0F2500E27DD9 /* NumberIndicator.swift */ = {isa = PBXFileReference; fileEncoding = 4; lastKnownFileType = sourcecode.swift; path = NumberIndicator.swift; sourceTree = "<group>"; };
		9DFE537A21FA0F2500E27DD9 /* SimpleButton.swift */ = {isa = PBXFileReference; fileEncoding = 4; lastKnownFileType = sourcecode.swift; path = SimpleButton.swift; sourceTree = "<group>"; };
		9DFE537B21FA0F2500E27DD9 /* PhotoBrowser.swift */ = {isa = PBXFileReference; fileEncoding = 4; lastKnownFileType = sourcecode.swift; path = PhotoBrowser.swift; sourceTree = "<group>"; };
		9DFE537D21FA0F2500E27DD9 /* PhotoView.swift */ = {isa = PBXFileReference; fileEncoding = 4; lastKnownFileType = sourcecode.swift; path = PhotoView.swift; sourceTree = "<group>"; };
		9DFE537E21FA0F2500E27DD9 /* PhotoBrowserConfiguration.swift */ = {isa = PBXFileReference; fileEncoding = 4; lastKnownFileType = sourcecode.swift; path = PhotoBrowserConfiguration.swift; sourceTree = "<group>"; };
		9DFE538021FA0F2500E27DD9 /* Photo.swift */ = {isa = PBXFileReference; fileEncoding = 4; lastKnownFileType = sourcecode.swift; path = Photo.swift; sourceTree = "<group>"; };
		9DFE538121FA0F2500E27DD9 /* PhotoBrowserViewController.swift */ = {isa = PBXFileReference; fileEncoding = 4; lastKnownFileType = sourcecode.swift; path = PhotoBrowserViewController.swift; sourceTree = "<group>"; };
		9DFE538321FA0F2500E27DD9 /* PhotoPage.swift */ = {isa = PBXFileReference; fileEncoding = 4; lastKnownFileType = sourcecode.swift; path = PhotoPage.swift; sourceTree = "<group>"; };
		9DFE538521FA0F2500E27DD9 /* CircleSpinner.swift */ = {isa = PBXFileReference; fileEncoding = 4; lastKnownFileType = sourcecode.swift; path = CircleSpinner.swift; sourceTree = "<group>"; };
		9DFE538621FA0F2500E27DD9 /* PhotoBrowserDelegate.swift */ = {isa = PBXFileReference; fileEncoding = 4; lastKnownFileType = sourcecode.swift; path = PhotoBrowserDelegate.swift; sourceTree = "<group>"; };
		9DFE538921FA0F2500E27DD9 /* DotIndicator.swift */ = {isa = PBXFileReference; fileEncoding = 4; lastKnownFileType = sourcecode.swift; path = DotIndicator.swift; sourceTree = "<group>"; };
/* End PBXFileReference section */

/* Begin PBXFrameworksBuildPhase section */
		9D34FC5B21CD026500771ACC /* Frameworks */ = {
			isa = PBXFrameworksBuildPhase;
			buildActionMask = 2147483647;
			files = (
			);
			runOnlyForDeploymentPostprocessing = 0;
		};
/* End PBXFrameworksBuildPhase section */

/* Begin PBXGroup section */
		9D34FC5521CD026500771ACC = {
			isa = PBXGroup;
			children = (
				9D34FC6021CD026500771ACC /* RNTPhotoBrowser */,
				9D34FC5F21CD026500771ACC /* Products */,
			);
			sourceTree = "<group>";
		};
		9D34FC5F21CD026500771ACC /* Products */ = {
			isa = PBXGroup;
			children = (
				9D34FC5E21CD026500771ACC /* libRNTPhotoBrowser.a */,
			);
			name = Products;
			sourceTree = "<group>";
		};
		9D34FC6021CD026500771ACC /* RNTPhotoBrowser */ = {
			isa = PBXGroup;
			children = (
				9DFE537621FA0F2500E27DD9 /* PhotoBrowser */,
				9D34FC6121CD026500771ACC /* RNTPhotoBrowserModule.h */,
				9D34FC6221CD026500771ACC /* RNTPhotoBrowserModule.m */,
				9D34FC8921CD036300771ACC /* RNTPhotoBrowser.swift */,
				9D34FC9821CD062900771ACC /* RNTPhotoBrowser-Bridging-Header.h */,
				9D3898F321D0CC3900B4FECB /* RNTThumbnailViewManager.h */,
				9D3898F421D0CC3900B4FECB /* RNTThumbnailViewManager.m */,
				9D3898F621D0F75200B4FECB /* RNTThumbnailView.h */,
				9D3898F721D0F75200B4FECB /* RNTThumbnailView.m */,
			);
			path = RNTPhotoBrowser;
			sourceTree = "<group>";
		};
		9DFE537621FA0F2500E27DD9 /* PhotoBrowser */ = {
			isa = PBXGroup;
			children = (
				9DFE537721FA0F2500E27DD9 /* NumberIndicator */,
				9DFE537921FA0F2500E27DD9 /* SimpleButton */,
				9DFE537B21FA0F2500E27DD9 /* PhotoBrowser.swift */,
				9DFE537C21FA0F2500E27DD9 /* PhotoView */,
				9DFE537E21FA0F2500E27DD9 /* PhotoBrowserConfiguration.swift */,
				9DFE537F21FA0F2500E27DD9 /* model */,
				9DFE538121FA0F2500E27DD9 /* PhotoBrowserViewController.swift */,
				9DFE538221FA0F2500E27DD9 /* view */,
				9DFE538421FA0F2500E27DD9 /* CircleSpinner */,
				9DFE538621FA0F2500E27DD9 /* PhotoBrowserDelegate.swift */,
				9DFE538821FA0F2500E27DD9 /* DotIndicator */,
			);
			path = PhotoBrowser;
			sourceTree = "<group>";
		};
		9DFE537721FA0F2500E27DD9 /* NumberIndicator */ = {
			isa = PBXGroup;
			children = (
				9DFE537821FA0F2500E27DD9 /* NumberIndicator.swift */,
			);
			path = NumberIndicator;
			sourceTree = "<group>";
		};
		9DFE537921FA0F2500E27DD9 /* SimpleButton */ = {
			isa = PBXGroup;
			children = (
				9DFE537A21FA0F2500E27DD9 /* SimpleButton.swift */,
			);
			path = SimpleButton;
			sourceTree = "<group>";
		};
		9DFE537C21FA0F2500E27DD9 /* PhotoView */ = {
			isa = PBXGroup;
			children = (
				9DFE537D21FA0F2500E27DD9 /* PhotoView.swift */,
			);
			path = PhotoView;
			sourceTree = "<group>";
		};
		9DFE537F21FA0F2500E27DD9 /* model */ = {
			isa = PBXGroup;
			children = (
				9DFE538021FA0F2500E27DD9 /* Photo.swift */,
			);
			path = model;
			sourceTree = "<group>";
		};
		9DFE538221FA0F2500E27DD9 /* view */ = {
			isa = PBXGroup;
			children = (
				9DFE538321FA0F2500E27DD9 /* PhotoPage.swift */,
			);
			path = view;
			sourceTree = "<group>";
		};
		9DFE538421FA0F2500E27DD9 /* CircleSpinner */ = {
			isa = PBXGroup;
			children = (
				9DFE538521FA0F2500E27DD9 /* CircleSpinner.swift */,
			);
			path = CircleSpinner;
			sourceTree = "<group>";
		};
		9DFE538821FA0F2500E27DD9 /* DotIndicator */ = {
			isa = PBXGroup;
			children = (
				9DFE538921FA0F2500E27DD9 /* DotIndicator.swift */,
			);
			path = DotIndicator;
			sourceTree = "<group>";
		};
/* End PBXGroup section */

/* Begin PBXNativeTarget section */
		9D34FC5D21CD026500771ACC /* RNTPhotoBrowser */ = {
			isa = PBXNativeTarget;
			buildConfigurationList = 9D34FC6721CD026500771ACC /* Build configuration list for PBXNativeTarget "RNTPhotoBrowser" */;
			buildPhases = (
				9D34FC5A21CD026500771ACC /* Sources */,
				9D34FC5B21CD026500771ACC /* Frameworks */,
				9D34FC5C21CD026500771ACC /* CopyFiles */,
			);
			buildRules = (
			);
			dependencies = (
			);
			name = RNTPhotoBrowser;
			productName = RNTPhotoBrowser;
			productReference = 9D34FC5E21CD026500771ACC /* libRNTPhotoBrowser.a */;
			productType = "com.apple.product-type.library.static";
		};
/* End PBXNativeTarget section */

/* Begin PBXProject section */
		9D34FC5621CD026500771ACC /* Project object */ = {
			isa = PBXProject;
			attributes = {
				LastUpgradeCheck = 0940;
				ORGANIZATIONNAME = finstao;
				TargetAttributes = {
					9D34FC5D21CD026500771ACC = {
						CreatedOnToolsVersion = 9.4.1;
					};
				};
			};
			buildConfigurationList = 9D34FC5921CD026500771ACC /* Build configuration list for PBXProject "RNTPhotoBrowser" */;
			compatibilityVersion = "Xcode 9.3";
			developmentRegion = en;
			hasScannedForEncodings = 0;
			knownRegions = (
				en,
			);
			mainGroup = 9D34FC5521CD026500771ACC;
			productRefGroup = 9D34FC5F21CD026500771ACC /* Products */;
			projectDirPath = "";
			projectRoot = "";
			targets = (
				9D34FC5D21CD026500771ACC /* RNTPhotoBrowser */,
			);
		};
/* End PBXProject section */

/* Begin PBXSourcesBuildPhase section */
		9D34FC5A21CD026500771ACC /* Sources */ = {
			isa = PBXSourcesBuildPhase;
			buildActionMask = 2147483647;
			files = (
				9D3898F821D0F75200B4FECB /* RNTThumbnailView.m in Sources */,
				9DFE539121FA0F2500E27DD9 /* PhotoPage.swift in Sources */,
				9DFE538E21FA0F2500E27DD9 /* PhotoBrowserConfiguration.swift in Sources */,
				9D3898F521D0CC3900B4FECB /* RNTThumbnailViewManager.m in Sources */,
				9D34FC6321CD026500771ACC /* RNTPhotoBrowserModule.m in Sources */,
				9DFE538F21FA0F2500E27DD9 /* Photo.swift in Sources */,
				9DFE538C21FA0F2500E27DD9 /* PhotoBrowser.swift in Sources */,
				9DFE539221FA0F2500E27DD9 /* CircleSpinner.swift in Sources */,
				9DFE539321FA0F2500E27DD9 /* PhotoBrowserDelegate.swift in Sources */,
				9DFE539021FA0F2500E27DD9 /* PhotoBrowserViewController.swift in Sources */,
				9DFE538A21FA0F2500E27DD9 /* NumberIndicator.swift in Sources */,
				9DFE539421FA0F2500E27DD9 /* DotIndicator.swift in Sources */,
				9D34FC8A21CD036300771ACC /* RNTPhotoBrowser.swift in Sources */,
				9DFE538B21FA0F2500E27DD9 /* SimpleButton.swift in Sources */,
				9DFE538D21FA0F2500E27DD9 /* PhotoView.swift in Sources */,
			);
			runOnlyForDeploymentPostprocessing = 0;
		};
/* End PBXSourcesBuildPhase section */

/* Begin XCBuildConfiguration section */
		9D34FC6521CD026500771ACC /* Debug */ = {
			isa = XCBuildConfiguration;
			buildSettings = {
				ALWAYS_SEARCH_USER_PATHS = NO;
				CLANG_ANALYZER_NONNULL = YES;
				CLANG_ANALYZER_NUMBER_OBJECT_CONVERSION = YES_AGGRESSIVE;
				CLANG_CXX_LANGUAGE_STANDARD = "gnu++14";
				CLANG_CXX_LIBRARY = "libc++";
				CLANG_ENABLE_MODULES = YES;
				CLANG_ENABLE_OBJC_ARC = YES;
				CLANG_ENABLE_OBJC_WEAK = YES;
				CLANG_WARN_BLOCK_CAPTURE_AUTORELEASING = YES;
				CLANG_WARN_BOOL_CONVERSION = YES;
				CLANG_WARN_COMMA = YES;
				CLANG_WARN_CONSTANT_CONVERSION = YES;
				CLANG_WARN_DEPRECATED_OBJC_IMPLEMENTATIONS = YES;
				CLANG_WARN_DIRECT_OBJC_ISA_USAGE = YES_ERROR;
				CLANG_WARN_DOCUMENTATION_COMMENTS = YES;
				CLANG_WARN_EMPTY_BODY = YES;
				CLANG_WARN_ENUM_CONVERSION = YES;
				CLANG_WARN_INFINITE_RECURSION = YES;
				CLANG_WARN_INT_CONVERSION = YES;
				CLANG_WARN_NON_LITERAL_NULL_CONVERSION = YES;
				CLANG_WARN_OBJC_IMPLICIT_RETAIN_SELF = YES;
				CLANG_WARN_OBJC_LITERAL_CONVERSION = YES;
				CLANG_WARN_OBJC_ROOT_CLASS = YES_ERROR;
				CLANG_WARN_RANGE_LOOP_ANALYSIS = YES;
				CLANG_WARN_STRICT_PROTOTYPES = YES;
				CLANG_WARN_SUSPICIOUS_MOVE = YES;
				CLANG_WARN_UNGUARDED_AVAILABILITY = YES_AGGRESSIVE;
				CLANG_WARN_UNREACHABLE_CODE = YES;
				CLANG_WARN__DUPLICATE_METHOD_MATCH = YES;
				CODE_SIGN_IDENTITY = "iPhone Developer";
				COPY_PHASE_STRIP = NO;
				DEBUG_INFORMATION_FORMAT = dwarf;
				ENABLE_STRICT_OBJC_MSGSEND = YES;
				ENABLE_TESTABILITY = YES;
				GCC_C_LANGUAGE_STANDARD = gnu11;
				GCC_DYNAMIC_NO_PIC = NO;
				GCC_NO_COMMON_BLOCKS = YES;
				GCC_OPTIMIZATION_LEVEL = 0;
				GCC_PREPROCESSOR_DEFINITIONS = (
					"DEBUG=1",
					"$(inherited)",
				);
				GCC_WARN_64_TO_32_BIT_CONVERSION = YES;
				GCC_WARN_ABOUT_RETURN_TYPE = YES_ERROR;
				GCC_WARN_UNDECLARED_SELECTOR = YES;
				GCC_WARN_UNINITIALIZED_AUTOS = YES_AGGRESSIVE;
				GCC_WARN_UNUSED_FUNCTION = YES;
				GCC_WARN_UNUSED_VARIABLE = YES;
				IPHONEOS_DEPLOYMENT_TARGET = 9.0;
				MTL_ENABLE_DEBUG_INFO = YES;
				ONLY_ACTIVE_ARCH = YES;
				SDKROOT = iphoneos;
			};
			name = Debug;
		};
		9D34FC6621CD026500771ACC /* Release */ = {
			isa = XCBuildConfiguration;
			buildSettings = {
				ALWAYS_SEARCH_USER_PATHS = NO;
				CLANG_ANALYZER_NONNULL = YES;
				CLANG_ANALYZER_NUMBER_OBJECT_CONVERSION = YES_AGGRESSIVE;
				CLANG_CXX_LANGUAGE_STANDARD = "gnu++14";
				CLANG_CXX_LIBRARY = "libc++";
				CLANG_ENABLE_MODULES = YES;
				CLANG_ENABLE_OBJC_ARC = YES;
				CLANG_ENABLE_OBJC_WEAK = YES;
				CLANG_WARN_BLOCK_CAPTURE_AUTORELEASING = YES;
				CLANG_WARN_BOOL_CONVERSION = YES;
				CLANG_WARN_COMMA = YES;
				CLANG_WARN_CONSTANT_CONVERSION = YES;
				CLANG_WARN_DEPRECATED_OBJC_IMPLEMENTATIONS = YES;
				CLANG_WARN_DIRECT_OBJC_ISA_USAGE = YES_ERROR;
				CLANG_WARN_DOCUMENTATION_COMMENTS = YES;
				CLANG_WARN_EMPTY_BODY = YES;
				CLANG_WARN_ENUM_CONVERSION = YES;
				CLANG_WARN_INFINITE_RECURSION = YES;
				CLANG_WARN_INT_CONVERSION = YES;
				CLANG_WARN_NON_LITERAL_NULL_CONVERSION = YES;
				CLANG_WARN_OBJC_IMPLICIT_RETAIN_SELF = YES;
				CLANG_WARN_OBJC_LITERAL_CONVERSION = YES;
				CLANG_WARN_OBJC_ROOT_CLASS = YES_ERROR;
				CLANG_WARN_RANGE_LOOP_ANALYSIS = YES;
				CLANG_WARN_STRICT_PROTOTYPES = YES;
				CLANG_WARN_SUSPICIOUS_MOVE = YES;
				CLANG_WARN_UNGUARDED_AVAILABILITY = YES_AGGRESSIVE;
				CLANG_WARN_UNREACHABLE_CODE = YES;
				CLANG_WARN__DUPLICATE_METHOD_MATCH = YES;
				CODE_SIGN_IDENTITY = "iPhone Developer";
				COPY_PHASE_STRIP = NO;
				DEBUG_INFORMATION_FORMAT = "dwarf-with-dsym";
				ENABLE_NS_ASSERTIONS = NO;
				ENABLE_STRICT_OBJC_MSGSEND = YES;
				GCC_C_LANGUAGE_STANDARD = gnu11;
				GCC_NO_COMMON_BLOCKS = YES;
				GCC_WARN_64_TO_32_BIT_CONVERSION = YES;
				GCC_WARN_ABOUT_RETURN_TYPE = YES_ERROR;
				GCC_WARN_UNDECLARED_SELECTOR = YES;
				GCC_WARN_UNINITIALIZED_AUTOS = YES_AGGRESSIVE;
				GCC_WARN_UNUSED_FUNCTION = YES;
				GCC_WARN_UNUSED_VARIABLE = YES;
				IPHONEOS_DEPLOYMENT_TARGET = 9.0;
				MTL_ENABLE_DEBUG_INFO = NO;
				SDKROOT = iphoneos;
				VALIDATE_PRODUCT = YES;
			};
			name = Release;
		};
		9D34FC6821CD026500771ACC /* Debug */ = {
			isa = XCBuildConfiguration;
			buildSettings = {
				CODE_SIGN_STYLE = Automatic;
				DEFINES_MODULE = YES;
				DEVELOPMENT_TEAM = N276SVAZ33;
				HEADER_SEARCH_PATHS = "$(SRCROOT)/../../react-native/React/**";
				IPHONEOS_DEPLOYMENT_TARGET = 9.0;
				OTHER_LDFLAGS = "-ObjC";
				PRODUCT_NAME = "$(TARGET_NAME)";
				SKIP_INSTALL = YES;
				SWIFT_OBJC_BRIDGING_HEADER = "RNTPhotoBrowser/RNTPhotoBrowser-Bridging-Header.h";
				SWIFT_VERSION = 4.2;
				TARGETED_DEVICE_FAMILY = "1,2";
			};
			name = Debug;
		};
		9D34FC6921CD026500771ACC /* Release */ = {
			isa = XCBuildConfiguration;
			buildSettings = {
				CODE_SIGN_STYLE = Automatic;
				DEFINES_MODULE = YES;
				DEVELOPMENT_TEAM = N276SVAZ33;
				HEADER_SEARCH_PATHS = "$(SRCROOT)/../../react-native/React/**";
				IPHONEOS_DEPLOYMENT_TARGET = 9.0;
				OTHER_LDFLAGS = "-ObjC";
				PRODUCT_NAME = "$(TARGET_NAME)";
				SKIP_INSTALL = YES;
				SWIFT_OBJC_BRIDGING_HEADER = "RNTPhotoBrowser/RNTPhotoBrowser-Bridging-Header.h";
				SWIFT_VERSION = 4.2;
				TARGETED_DEVICE_FAMILY = "1,2";
			};
			name = Release;
		};
/* End XCBuildConfiguration section */

/* Begin XCConfigurationList section */
		9D34FC5921CD026500771ACC /* Build configuration list for PBXProject "RNTPhotoBrowser" */ = {
			isa = XCConfigurationList;
			buildConfigurations = (
				9D34FC6521CD026500771ACC /* Debug */,
				9D34FC6621CD026500771ACC /* Release */,
			);
			defaultConfigurationIsVisible = 0;
			defaultConfigurationName = Release;
		};
		9D34FC6721CD026500771ACC /* Build configuration list for PBXNativeTarget "RNTPhotoBrowser" */ = {
			isa = XCConfigurationList;
			buildConfigurations = (
				9D34FC6821CD026500771ACC /* Debug */,
				9D34FC6921CD026500771ACC /* Release */,
			);
			defaultConfigurationIsVisible = 0;
			defaultConfigurationName = Release;
		};
/* End XCConfigurationList section */
	};
	rootObject = 9D34FC5621CD026500771ACC /* Project object */;
}
