// !$*UTF8*$!
{
	archiveVersion = 1;
	classes = {
	};
	objectVersion = 50;
	objects = {

/* Begin PBXBuildFile section */
		9D42EBA721BF50D400CC3487 /* RNTPhotoBrowserModule.m in Sources */ = {isa = PBXBuildFile; fileRef = 9D42EBA621BF50D400CC3487 /* RNTPhotoBrowserModule.m */; };
		9D42EBFE21BF542300CC3487 /* RNTPhotoBrowser.swift in Sources */ = {isa = PBXBuildFile; fileRef = 9D42EBFD21BF542300CC3487 /* RNTPhotoBrowser.swift */; };
		9D42EC6321BF5D0E00CC3487 /* RNTPhotoBrowserModule.h in CopyFiles */ = {isa = PBXBuildFile; fileRef = 9D42EBA521BF50D400CC3487 /* RNTPhotoBrowserModule.h */; };
		9DFFAA9221C8FFE500A073EF /* NumberIndicator.swift in Sources */ = {isa = PBXBuildFile; fileRef = 9DFFAA8021C8FFE500A073EF /* NumberIndicator.swift */; };
		9DFFAA9321C8FFE500A073EF /* SimpleButton.swift in Sources */ = {isa = PBXBuildFile; fileRef = 9DFFAA8221C8FFE500A073EF /* SimpleButton.swift */; };
		9DFFAA9421C8FFE500A073EF /* PhotoBrowser.swift in Sources */ = {isa = PBXBuildFile; fileRef = 9DFFAA8321C8FFE500A073EF /* PhotoBrowser.swift */; };
		9DFFAA9521C8FFE500A073EF /* PhotoView.swift in Sources */ = {isa = PBXBuildFile; fileRef = 9DFFAA8521C8FFE500A073EF /* PhotoView.swift */; };
		9DFFAA9621C8FFE500A073EF /* PhotoBrowserConfiguration.swift in Sources */ = {isa = PBXBuildFile; fileRef = 9DFFAA8621C8FFE500A073EF /* PhotoBrowserConfiguration.swift */; };
		9DFFAA9721C8FFE500A073EF /* PhotoBrowserController.swift in Sources */ = {isa = PBXBuildFile; fileRef = 9DFFAA8721C8FFE500A073EF /* PhotoBrowserController.swift */; };
		9DFFAA9821C8FFE500A073EF /* Photo.swift in Sources */ = {isa = PBXBuildFile; fileRef = 9DFFAA8921C8FFE500A073EF /* Photo.swift */; };
		9DFFAA9921C8FFE500A073EF /* PhotoPage.swift in Sources */ = {isa = PBXBuildFile; fileRef = 9DFFAA8B21C8FFE500A073EF /* PhotoPage.swift */; };
		9DFFAA9A21C8FFE500A073EF /* CircleSpinner.swift in Sources */ = {isa = PBXBuildFile; fileRef = 9DFFAA8D21C8FFE500A073EF /* CircleSpinner.swift */; };
		9DFFAA9B21C8FFE500A073EF /* PhotoBrowserDelegate.swift in Sources */ = {isa = PBXBuildFile; fileRef = 9DFFAA8E21C8FFE500A073EF /* PhotoBrowserDelegate.swift */; };
		9DFFAA9C21C8FFE500A073EF /* DotIndicator.swift in Sources */ = {isa = PBXBuildFile; fileRef = 9DFFAA9121C8FFE500A073EF /* DotIndicator.swift */; };
/* End PBXBuildFile section */

/* Begin PBXCopyFilesBuildPhase section */
		9D42EB9021BF503600CC3487 /* CopyFiles */ = {
			isa = PBXCopyFilesBuildPhase;
			buildActionMask = 2147483647;
			dstPath = "include/$(PRODUCT_NAME)";
			dstSubfolderSpec = 16;
			files = (
				9D42EC6321BF5D0E00CC3487 /* RNTPhotoBrowserModule.h in CopyFiles */,
			);
			runOnlyForDeploymentPostprocessing = 0;
		};
/* End PBXCopyFilesBuildPhase section */

/* Begin PBXFileReference section */
		9D42EB9221BF503600CC3487 /* libRNTPhotoBrowser.a */ = {isa = PBXFileReference; explicitFileType = archive.ar; includeInIndex = 0; path = libRNTPhotoBrowser.a; sourceTree = BUILT_PRODUCTS_DIR; };
		9D42EBA521BF50D400CC3487 /* RNTPhotoBrowserModule.h */ = {isa = PBXFileReference; lastKnownFileType = sourcecode.c.h; path = RNTPhotoBrowserModule.h; sourceTree = "<group>"; };
		9D42EBA621BF50D400CC3487 /* RNTPhotoBrowserModule.m */ = {isa = PBXFileReference; lastKnownFileType = sourcecode.c.objc; path = RNTPhotoBrowserModule.m; sourceTree = "<group>"; };
		9D42EBFC21BF542200CC3487 /* RNTPhotoBrowser-Bridging-Header.h */ = {isa = PBXFileReference; lastKnownFileType = sourcecode.c.h; path = "RNTPhotoBrowser-Bridging-Header.h"; sourceTree = "<group>"; };
		9D42EBFD21BF542300CC3487 /* RNTPhotoBrowser.swift */ = {isa = PBXFileReference; lastKnownFileType = sourcecode.swift; path = RNTPhotoBrowser.swift; sourceTree = "<group>"; };
		9DFFAA8021C8FFE500A073EF /* NumberIndicator.swift */ = {isa = PBXFileReference; fileEncoding = 4; lastKnownFileType = sourcecode.swift; path = NumberIndicator.swift; sourceTree = "<group>"; };
		9DFFAA8221C8FFE500A073EF /* SimpleButton.swift */ = {isa = PBXFileReference; fileEncoding = 4; lastKnownFileType = sourcecode.swift; path = SimpleButton.swift; sourceTree = "<group>"; };
		9DFFAA8321C8FFE500A073EF /* PhotoBrowser.swift */ = {isa = PBXFileReference; fileEncoding = 4; lastKnownFileType = sourcecode.swift; path = PhotoBrowser.swift; sourceTree = "<group>"; };
		9DFFAA8521C8FFE500A073EF /* PhotoView.swift */ = {isa = PBXFileReference; fileEncoding = 4; lastKnownFileType = sourcecode.swift; path = PhotoView.swift; sourceTree = "<group>"; };
		9DFFAA8621C8FFE500A073EF /* PhotoBrowserConfiguration.swift */ = {isa = PBXFileReference; fileEncoding = 4; lastKnownFileType = sourcecode.swift; path = PhotoBrowserConfiguration.swift; sourceTree = "<group>"; };
		9DFFAA8721C8FFE500A073EF /* PhotoBrowserController.swift */ = {isa = PBXFileReference; fileEncoding = 4; lastKnownFileType = sourcecode.swift; path = PhotoBrowserController.swift; sourceTree = "<group>"; };
		9DFFAA8921C8FFE500A073EF /* Photo.swift */ = {isa = PBXFileReference; fileEncoding = 4; lastKnownFileType = sourcecode.swift; path = Photo.swift; sourceTree = "<group>"; };
		9DFFAA8B21C8FFE500A073EF /* PhotoPage.swift */ = {isa = PBXFileReference; fileEncoding = 4; lastKnownFileType = sourcecode.swift; path = PhotoPage.swift; sourceTree = "<group>"; };
		9DFFAA8D21C8FFE500A073EF /* CircleSpinner.swift */ = {isa = PBXFileReference; fileEncoding = 4; lastKnownFileType = sourcecode.swift; path = CircleSpinner.swift; sourceTree = "<group>"; };
		9DFFAA8E21C8FFE500A073EF /* PhotoBrowserDelegate.swift */ = {isa = PBXFileReference; fileEncoding = 4; lastKnownFileType = sourcecode.swift; path = PhotoBrowserDelegate.swift; sourceTree = "<group>"; };
		9DFFAA9121C8FFE500A073EF /* DotIndicator.swift */ = {isa = PBXFileReference; fileEncoding = 4; lastKnownFileType = sourcecode.swift; path = DotIndicator.swift; sourceTree = "<group>"; };
/* End PBXFileReference section */

/* Begin PBXFrameworksBuildPhase section */
		9D42EB8F21BF503600CC3487 /* Frameworks */ = {
			isa = PBXFrameworksBuildPhase;
			buildActionMask = 2147483647;
			files = (
			);
			runOnlyForDeploymentPostprocessing = 0;
		};
/* End PBXFrameworksBuildPhase section */

/* Begin PBXGroup section */
		9D42EB8921BF503600CC3487 = {
			isa = PBXGroup;
			children = (
				9D42EB9421BF503600CC3487 /* RNTPhotoBrowser */,
				9D42EB9321BF503600CC3487 /* Products */,
			);
			sourceTree = "<group>";
		};
		9D42EB9321BF503600CC3487 /* Products */ = {
			isa = PBXGroup;
			children = (
				9D42EB9221BF503600CC3487 /* libRNTPhotoBrowser.a */,
			);
			name = Products;
			sourceTree = "<group>";
		};
		9D42EB9421BF503600CC3487 /* RNTPhotoBrowser */ = {
			isa = PBXGroup;
			children = (
				9DFFAA7E21C8FFE500A073EF /* PhotoBrowser */,
				9D42EBA521BF50D400CC3487 /* RNTPhotoBrowserModule.h */,
				9D42EBA621BF50D400CC3487 /* RNTPhotoBrowserModule.m */,
				9D42EBFD21BF542300CC3487 /* RNTPhotoBrowser.swift */,
				9D42EBFC21BF542200CC3487 /* RNTPhotoBrowser-Bridging-Header.h */,
			);
			path = RNTPhotoBrowser;
			sourceTree = "<group>";
		};
		9DFFAA7E21C8FFE500A073EF /* PhotoBrowser */ = {
			isa = PBXGroup;
			children = (
				9DFFAA7F21C8FFE500A073EF /* NumberIndicator */,
				9DFFAA8121C8FFE500A073EF /* SimpleButton */,
				9DFFAA8321C8FFE500A073EF /* PhotoBrowser.swift */,
				9DFFAA8421C8FFE500A073EF /* PhotoView */,
				9DFFAA8621C8FFE500A073EF /* PhotoBrowserConfiguration.swift */,
				9DFFAA8721C8FFE500A073EF /* PhotoBrowserController.swift */,
				9DFFAA8821C8FFE500A073EF /* model */,
				9DFFAA8A21C8FFE500A073EF /* view */,
				9DFFAA8C21C8FFE500A073EF /* CircleSpinner */,
				9DFFAA8E21C8FFE500A073EF /* PhotoBrowserDelegate.swift */,
				9DFFAA9021C8FFE500A073EF /* DotIndicator */,
			);
			path = PhotoBrowser;
			sourceTree = "<group>";
		};
		9DFFAA7F21C8FFE500A073EF /* NumberIndicator */ = {
			isa = PBXGroup;
			children = (
				9DFFAA8021C8FFE500A073EF /* NumberIndicator.swift */,
			);
			path = NumberIndicator;
			sourceTree = "<group>";
		};
		9DFFAA8121C8FFE500A073EF /* SimpleButton */ = {
			isa = PBXGroup;
			children = (
				9DFFAA8221C8FFE500A073EF /* SimpleButton.swift */,
			);
			path = SimpleButton;
			sourceTree = "<group>";
		};
		9DFFAA8421C8FFE500A073EF /* PhotoView */ = {
			isa = PBXGroup;
			children = (
				9DFFAA8521C8FFE500A073EF /* PhotoView.swift */,
			);
			path = PhotoView;
			sourceTree = "<group>";
		};
		9DFFAA8821C8FFE500A073EF /* model */ = {
			isa = PBXGroup;
			children = (
				9DFFAA8921C8FFE500A073EF /* Photo.swift */,
			);
			path = model;
			sourceTree = "<group>";
		};
		9DFFAA8A21C8FFE500A073EF /* view */ = {
			isa = PBXGroup;
			children = (
				9DFFAA8B21C8FFE500A073EF /* PhotoPage.swift */,
			);
			path = view;
			sourceTree = "<group>";
		};
		9DFFAA8C21C8FFE500A073EF /* CircleSpinner */ = {
			isa = PBXGroup;
			children = (
				9DFFAA8D21C8FFE500A073EF /* CircleSpinner.swift */,
			);
			path = CircleSpinner;
			sourceTree = "<group>";
		};
		9DFFAA9021C8FFE500A073EF /* DotIndicator */ = {
			isa = PBXGroup;
			children = (
				9DFFAA9121C8FFE500A073EF /* DotIndicator.swift */,
			);
			path = DotIndicator;
			sourceTree = "<group>";
		};
/* End PBXGroup section */

/* Begin PBXNativeTarget section */
		9D42EB9121BF503600CC3487 /* RNTPhotoBrowser */ = {
			isa = PBXNativeTarget;
			buildConfigurationList = 9D42EB9B21BF503600CC3487 /* Build configuration list for PBXNativeTarget "RNTPhotoBrowser" */;
			buildPhases = (
				9D42EB8E21BF503600CC3487 /* Sources */,
				9D42EB8F21BF503600CC3487 /* Frameworks */,
				9D42EB9021BF503600CC3487 /* CopyFiles */,
			);
			buildRules = (
			);
			dependencies = (
			);
			name = RNTPhotoBrowser;
			productName = RNTPhotoBrowser;
			productReference = 9D42EB9221BF503600CC3487 /* libRNTPhotoBrowser.a */;
			productType = "com.apple.product-type.library.static";
		};
/* End PBXNativeTarget section */

/* Begin PBXProject section */
		9D42EB8A21BF503600CC3487 /* Project object */ = {
			isa = PBXProject;
			attributes = {
				LastUpgradeCheck = 0940;
				ORGANIZATIONNAME = finstao;
				TargetAttributes = {
					9D42EB9121BF503600CC3487 = {
						CreatedOnToolsVersion = 9.4.1;
						LastSwiftMigration = 0940;
					};
				};
			};
			buildConfigurationList = 9D42EB8D21BF503600CC3487 /* Build configuration list for PBXProject "RNTPhotoBrowser" */;
			compatibilityVersion = "Xcode 9.3";
			developmentRegion = en;
			hasScannedForEncodings = 0;
			knownRegions = (
				en,
			);
			mainGroup = 9D42EB8921BF503600CC3487;
			productRefGroup = 9D42EB9321BF503600CC3487 /* Products */;
			projectDirPath = "";
			projectRoot = "";
			targets = (
				9D42EB9121BF503600CC3487 /* RNTPhotoBrowser */,
			);
		};
/* End PBXProject section */

/* Begin PBXSourcesBuildPhase section */
		9D42EB8E21BF503600CC3487 /* Sources */ = {
			isa = PBXSourcesBuildPhase;
			buildActionMask = 2147483647;
			files = (
				9DFFAA9621C8FFE500A073EF /* PhotoBrowserConfiguration.swift in Sources */,
				9DFFAA9721C8FFE500A073EF /* PhotoBrowserController.swift in Sources */,
				9DFFAA9B21C8FFE500A073EF /* PhotoBrowserDelegate.swift in Sources */,
				9DFFAA9421C8FFE500A073EF /* PhotoBrowser.swift in Sources */,
				9DFFAA9921C8FFE500A073EF /* PhotoPage.swift in Sources */,
				9DFFAA9821C8FFE500A073EF /* Photo.swift in Sources */,
				9D42EBA721BF50D400CC3487 /* RNTPhotoBrowserModule.m in Sources */,
				9D42EBFE21BF542300CC3487 /* RNTPhotoBrowser.swift in Sources */,
				9DFFAA9521C8FFE500A073EF /* PhotoView.swift in Sources */,
				9DFFAA9A21C8FFE500A073EF /* CircleSpinner.swift in Sources */,
				9DFFAA9221C8FFE500A073EF /* NumberIndicator.swift in Sources */,
				9DFFAA9321C8FFE500A073EF /* SimpleButton.swift in Sources */,
				9DFFAA9C21C8FFE500A073EF /* DotIndicator.swift in Sources */,
			);
			runOnlyForDeploymentPostprocessing = 0;
		};
/* End PBXSourcesBuildPhase section */

/* Begin XCBuildConfiguration section */
		9D42EB9921BF503600CC3487 /* Debug */ = {
			isa = XCBuildConfiguration;
			buildSettings = {
				ALWAYS_SEARCH_USER_PATHS = NO;
				CLANG_ANALYZER_NONNULL = YES;
				CLANG_ANALYZER_NUMBER_OBJECT_CONVERSION = YES_AGGRESSIVE;
				CLANG_CXX_LANGUAGE_STANDARD = "gnu++14";
				CLANG_CXX_LIBRARY = "libc++";
				CLANG_ENABLE_MODULES = YES;
				CLANG_ENABLE_OBJC_ARC = YES;
				CLANG_ENABLE_OBJC_WEAK = YES;
				CLANG_WARN_BLOCK_CAPTURE_AUTORELEASING = YES;
				CLANG_WARN_BOOL_CONVERSION = YES;
				CLANG_WARN_COMMA = YES;
				CLANG_WARN_CONSTANT_CONVERSION = YES;
				CLANG_WARN_DEPRECATED_OBJC_IMPLEMENTATIONS = YES;
				CLANG_WARN_DIRECT_OBJC_ISA_USAGE = YES_ERROR;
				CLANG_WARN_DOCUMENTATION_COMMENTS = YES;
				CLANG_WARN_EMPTY_BODY = YES;
				CLANG_WARN_ENUM_CONVERSION = YES;
				CLANG_WARN_INFINITE_RECURSION = YES;
				CLANG_WARN_INT_CONVERSION = YES;
				CLANG_WARN_NON_LITERAL_NULL_CONVERSION = YES;
				CLANG_WARN_OBJC_IMPLICIT_RETAIN_SELF = YES;
				CLANG_WARN_OBJC_LITERAL_CONVERSION = YES;
				CLANG_WARN_OBJC_ROOT_CLASS = YES_ERROR;
				CLANG_WARN_RANGE_LOOP_ANALYSIS = YES;
				CLANG_WARN_STRICT_PROTOTYPES = YES;
				CLANG_WARN_SUSPICIOUS_MOVE = YES;
				CLANG_WARN_UNGUARDED_AVAILABILITY = YES_AGGRESSIVE;
				CLANG_WARN_UNREACHABLE_CODE = YES;
				CLANG_WARN__DUPLICATE_METHOD_MATCH = YES;
				CODE_SIGN_IDENTITY = "iPhone Developer";
				COPY_PHASE_STRIP = NO;
				DEBUG_INFORMATION_FORMAT = dwarf;
				ENABLE_STRICT_OBJC_MSGSEND = YES;
				ENABLE_TESTABILITY = YES;
				GCC_C_LANGUAGE_STANDARD = gnu11;
				GCC_DYNAMIC_NO_PIC = NO;
				GCC_NO_COMMON_BLOCKS = YES;
				GCC_OPTIMIZATION_LEVEL = 0;
				GCC_PREPROCESSOR_DEFINITIONS = (
					"DEBUG=1",
					"$(inherited)",
				);
				GCC_WARN_64_TO_32_BIT_CONVERSION = YES;
				GCC_WARN_ABOUT_RETURN_TYPE = YES_ERROR;
				GCC_WARN_UNDECLARED_SELECTOR = YES;
				GCC_WARN_UNINITIALIZED_AUTOS = YES_AGGRESSIVE;
				GCC_WARN_UNUSED_FUNCTION = YES;
				GCC_WARN_UNUSED_VARIABLE = YES;
				IPHONEOS_DEPLOYMENT_TARGET = 9.0;
				MTL_ENABLE_DEBUG_INFO = YES;
				ONLY_ACTIVE_ARCH = YES;
				SDKROOT = iphoneos;
			};
			name = Debug;
		};
		9D42EB9A21BF503600CC3487 /* Release */ = {
			isa = XCBuildConfiguration;
			buildSettings = {
				ALWAYS_SEARCH_USER_PATHS = NO;
				CLANG_ANALYZER_NONNULL = YES;
				CLANG_ANALYZER_NUMBER_OBJECT_CONVERSION = YES_AGGRESSIVE;
				CLANG_CXX_LANGUAGE_STANDARD = "gnu++14";
				CLANG_CXX_LIBRARY = "libc++";
				CLANG_ENABLE_MODULES = YES;
				CLANG_ENABLE_OBJC_ARC = YES;
				CLANG_ENABLE_OBJC_WEAK = YES;
				CLANG_WARN_BLOCK_CAPTURE_AUTORELEASING = YES;
				CLANG_WARN_BOOL_CONVERSION = YES;
				CLANG_WARN_COMMA = YES;
				CLANG_WARN_CONSTANT_CONVERSION = YES;
				CLANG_WARN_DEPRECATED_OBJC_IMPLEMENTATIONS = YES;
				CLANG_WARN_DIRECT_OBJC_ISA_USAGE = YES_ERROR;
				CLANG_WARN_DOCUMENTATION_COMMENTS = YES;
				CLANG_WARN_EMPTY_BODY = YES;
				CLANG_WARN_ENUM_CONVERSION = YES;
				CLANG_WARN_INFINITE_RECURSION = YES;
				CLANG_WARN_INT_CONVERSION = YES;
				CLANG_WARN_NON_LITERAL_NULL_CONVERSION = YES;
				CLANG_WARN_OBJC_IMPLICIT_RETAIN_SELF = YES;
				CLANG_WARN_OBJC_LITERAL_CONVERSION = YES;
				CLANG_WARN_OBJC_ROOT_CLASS = YES_ERROR;
				CLANG_WARN_RANGE_LOOP_ANALYSIS = YES;
				CLANG_WARN_STRICT_PROTOTYPES = YES;
				CLANG_WARN_SUSPICIOUS_MOVE = YES;
				CLANG_WARN_UNGUARDED_AVAILABILITY = YES_AGGRESSIVE;
				CLANG_WARN_UNREACHABLE_CODE = YES;
				CLANG_WARN__DUPLICATE_METHOD_MATCH = YES;
				CODE_SIGN_IDENTITY = "iPhone Developer";
				COPY_PHASE_STRIP = NO;
				DEBUG_INFORMATION_FORMAT = "dwarf-with-dsym";
				ENABLE_NS_ASSERTIONS = NO;
				ENABLE_STRICT_OBJC_MSGSEND = YES;
				GCC_C_LANGUAGE_STANDARD = gnu11;
				GCC_NO_COMMON_BLOCKS = YES;
				GCC_WARN_64_TO_32_BIT_CONVERSION = YES;
				GCC_WARN_ABOUT_RETURN_TYPE = YES_ERROR;
				GCC_WARN_UNDECLARED_SELECTOR = YES;
				GCC_WARN_UNINITIALIZED_AUTOS = YES_AGGRESSIVE;
				GCC_WARN_UNUSED_FUNCTION = YES;
				GCC_WARN_UNUSED_VARIABLE = YES;
				IPHONEOS_DEPLOYMENT_TARGET = 9.0;
				MTL_ENABLE_DEBUG_INFO = NO;
				SDKROOT = iphoneos;
				VALIDATE_PRODUCT = YES;
			};
			name = Release;
		};
		9D42EB9C21BF503600CC3487 /* Debug */ = {
			isa = XCBuildConfiguration;
			buildSettings = {
				CLANG_ENABLE_MODULES = YES;
				CODE_SIGN_STYLE = Automatic;
				DEFINES_MODULE = YES;
				DEVELOPMENT_TEAM = N276SVAZ33;
				HEADER_SEARCH_PATHS = "$(SRCROOT)/../../react-native/React/**";
				IPHONEOS_DEPLOYMENT_TARGET = 9.0;
				LD_RUNPATH_SEARCH_PATHS = (
					"$(inherited)",
					"@executable_path/Frameworks",
					"@loader_path/Frameworks",
				);
				OTHER_LDFLAGS = "-ObjC";
				PRODUCT_NAME = "$(TARGET_NAME)";
				SKIP_INSTALL = YES;
				SWIFT_OBJC_BRIDGING_HEADER = "RNTPhotoBrowser/RNTPhotoBrowser-Bridging-Header.h";
				SWIFT_OPTIMIZATION_LEVEL = "-Onone";
				SWIFT_VERSION = 4.0;
				TARGETED_DEVICE_FAMILY = "1,2";
			};
			name = Debug;
		};
		9D42EB9D21BF503600CC3487 /* Release */ = {
			isa = XCBuildConfiguration;
			buildSettings = {
				CLANG_ENABLE_MODULES = YES;
				CODE_SIGN_STYLE = Automatic;
				DEFINES_MODULE = YES;
				DEVELOPMENT_TEAM = N276SVAZ33;
				HEADER_SEARCH_PATHS = "$(SRCROOT)/../../react-native/React/**";
				IPHONEOS_DEPLOYMENT_TARGET = 9.0;
				LD_RUNPATH_SEARCH_PATHS = (
					"$(inherited)",
					"@executable_path/Frameworks",
					"@loader_path/Frameworks",
				);
				OTHER_LDFLAGS = "-ObjC";
				PRODUCT_NAME = "$(TARGET_NAME)";
				SKIP_INSTALL = YES;
				SWIFT_OBJC_BRIDGING_HEADER = "RNTPhotoBrowser/RNTPhotoBrowser-Bridging-Header.h";
				SWIFT_VERSION = 4.0;
				TARGETED_DEVICE_FAMILY = "1,2";
			};
			name = Release;
		};
/* End XCBuildConfiguration section */

/* Begin XCConfigurationList section */
		9D42EB8D21BF503600CC3487 /* Build configuration list for PBXProject "RNTPhotoBrowser" */ = {
			isa = XCConfigurationList;
			buildConfigurations = (
				9D42EB9921BF503600CC3487 /* Debug */,
				9D42EB9A21BF503600CC3487 /* Release */,
			);
			defaultConfigurationIsVisible = 0;
			defaultConfigurationName = Release;
		};
		9D42EB9B21BF503600CC3487 /* Build configuration list for PBXNativeTarget "RNTPhotoBrowser" */ = {
			isa = XCConfigurationList;
			buildConfigurations = (
				9D42EB9C21BF503600CC3487 /* Debug */,
				9D42EB9D21BF503600CC3487 /* Release */,
			);
			defaultConfigurationIsVisible = 0;
			defaultConfigurationName = Release;
		};
/* End XCConfigurationList section */
	};
	rootObject = 9D42EB8A21BF503600CC3487 /* Project object */;
}
